{
  "_comment": "Source file manifest. All tracked files listed with SHA256 short hash. config/assets.json is updated by the external asset pricing module \u2014 that module must also call update_manifest_lock() after each assets.json write. Do not edit by hand. Use: python3 -B test_flags.py --reset-manifest",
  "_crc_field": "sha256_short = first 16 hex chars of SHA256. Used for change detection and corruption guard.",
  "_self_crc_field": "SHA256 of the 'tracked' list (JSON, sorted keys). Verified at startup to detect manifest.lock corruption.",
  "_self_crc": "7ecd4f7b1e1b7dcf",
  "tracked": [
    "api.py",
    "loaders.py",
    "simulator_new.py",
    "snapshot.py",
    "reporting.py",
    "roth_optimizer.py",
    "roth_conversion_core.py",
    "withdrawals_core.py",
    "portfolio_analysis.py",
    "rmd_core.py",
    "test_flags.py",
    "manifest.lock",
    "assets_loader.py",
    "engines_assets.py",
    "simulation_core.py",
    "ui/src/App.tsx",
    "ui/tests/smoke.spec.ts",
    "config/economicglobal.json",
    "config/system_shocks.json",
    "config/rmd.json",
    "config/taxes_states_mfj_single.json",
    "config/cape_config.json",
    "config/assets.json",
    "profiles/default/person.json",
    "profiles/default/withdrawal_schedule.json",
    "profiles/default/income.json",
    "profiles/default/allocation_yearly.json",
    "profiles/default/inflation_yearly.json",
    "profiles/default/shocks_yearly.json",
    "profiles/default/economic.json"
  ]
}