{
  "_comment": "Source file integrity manifest. Startup reads this and verifies hashes for all files in the hashes dict. Server REFUSES TO START if any pinned file does not match. Claude ships this pre-populated \u2014 no manual steps required. Copy all Claude-provided files + this manifest.lock, then restart.",
  "_workflow": "1. Copy all Claude-provided files (including this manifest.lock). 2. Restart server. Done.",
  "_self_crc_field": "SHA256 of the tracked list (JSON, sorted keys). Verified at startup to detect manifest.lock corruption.",
  "_self_crc": "9fe104fd720e286c",
  "hashes": {
    "api.py": "467a9071ffb45c75",
    "test_flags.py": "0ebad6f5a5fa9818",
    "ui/tests/smoke.spec.ts": "f92d2bc58b1f1099",
    "ui/tests/global-setup.ts": "16b4790e640b153e",
    "ui/tests/global-teardown.ts": "b49600b2b2430ec2",
    "ui/playwright.config.ts": "b4d013b46bf7ddb4",
    "roth_optimizer.py": "c98f14dbe9019ee3",
    "ui/src/App.tsx": "190fb24fd5d1c694",
    "taxes_core.py": "ef276bce9b4992b7",
    "simulator_new.py": "c119f6f9d233df70",
    "loaders.py": "f95454ffc07c8104",
    "profiles/default/income.json": "9bf8b50ad6bded3a"
  },
  "tracked": [
    "api.py",
    "loaders.py",
    "simulator_new.py",
    "snapshot.py",
    "reporting.py",
    "roth_optimizer.py",
    "roth_conversion_core.py",
    "withdrawals_core.py",
    "portfolio_analysis.py",
    "rmd_core.py",
    "test_flags.py",
    "assets_loader.py",
    "engines_assets.py",
    "simulation_core.py",
    "ui/src/App.tsx",
    "ui/tests/smoke.spec.ts",
    "ui/tests/global-setup.ts",
    "ui/tests/global-teardown.ts",
    "ui/playwright.config.ts",
    "config/economicglobal.json",
    "config/system_shocks.json",
    "config/rmd.json",
    "config/taxes_states_mfj_single.json",
    "config/cape_config.json",
    "config/assets.json",
    "profiles/default/person.json",
    "profiles/default/withdrawal_schedule.json",
    "profiles/default/income.json",
    "profiles/default/allocation_yearly.json",
    "profiles/default/inflation_yearly.json",
    "profiles/default/shocks_yearly.json",
    "profiles/default/economic.json",
    "taxes_core.py"
  ]
}